
Microsoft Visual Studio Solution File, Format Version 12.00
# Visual Studio Version 16
VisualStudioVersion = 16.0.29215.179
MinimumVisualStudioVersion = 10.0.40219.1
Project("{FAE04EC0-301F-11D3-BF4B-00C04F79EFBC}") = "N_m3u8DL-CLI", "N_m3u8DL-CLI\N_m3u8DL-CLI.csproj", "{4FB61439-B738-46AC-B3AF-2BF72150D057}"
EndProject
Global
	GlobalSection(SolutionConfigurationPlatforms) = preSolution
		Debug|Any CPU = Debug|Any CPU
		Release|Any CPU = Release|Any CPU
	EndGlobalSection
	GlobalSection(ProjectConfigurationPlatforms) = postSolution
		{4FB61439-B738-46AC-B3AF-2BF72150D057}.Debug|Any CPU.ActiveCfg = Debug|Any CPU
		{4FB61439-B738-46AC-B3AF-2BF72150D057}.Debug|Any CPU.Build.0 = Debug|Any CPU
		{4FB61439-B738-46AC-B3AF-2BF72150D057}.Release|Any CPU.ActiveCfg = Release|Any CPU
		{4FB61439-B738-46AC-B3AF-2BF72150D057}.Release|Any CPU.Build.0 = Release|Any CPU
	EndGlobalSection
	GlobalSection(SolutionProperties) = preSolution
		HideSolutionNode = FALSE
	EndGlobalSection
	GlobalSection(ExtensibilityGlobals) = postSolution
		SolutionGuid = {82B9270D-B7B2-4591-BF8A-5B4EBCD0EA8A}
	EndGlobalSection
EndGlobal
